
Microsoft Visual Studio Solution File, Format Version 12.00
# Visual Studio Version 17
VisualStudioVersion = 17.8.34408.163
MinimumVisualStudioVersion = 10.0.40219.1
Project("{FAE04EC0-301F-11D3-BF4B-00C04F79EFBC}") = "SelecaoHorarioFilme", "SelecaoHorarioFilme\SelecaoHorarioFilme.csproj", "{FDFF62CB-C34F-4B78-BA60-1A682DA18D3C}"
EndProject
Global
	GlobalSection(SolutionConfigurationPlatforms) = preSolution
		Debug|Any CPU = Debug|Any CPU
		Release|Any CPU = Release|Any CPU
	EndGlobalSection
	GlobalSection(ProjectConfigurationPlatforms) = postSolution
		{FDFF62CB-C34F-4B78-BA60-1A682DA18D3C}.Debug|Any CPU.ActiveCfg = Debug|Any CPU
		{FDFF62CB-C34F-4B78-BA60-1A682DA18D3C}.Debug|Any CPU.Build.0 = Debug|Any CPU
		{FDFF62CB-C34F-4B78-BA60-1A682DA18D3C}.Release|Any CPU.ActiveCfg = Release|Any CPU
		{FDFF62CB-C34F-4B78-BA60-1A682DA18D3C}.Release|Any CPU.Build.0 = Release|Any CPU
	EndGlobalSection
	GlobalSection(SolutionProperties) = preSolution
		HideSolutionNode = FALSE
	EndGlobalSection
	GlobalSection(ExtensibilityGlobals) = postSolution
		SolutionGuid = {0691B69D-774D-458F-BB8E-B3351BFDAB38}
	EndGlobalSection
EndGlobal
